{
  "name": "memorycard",
  "version": "1.0.0",
  "lockfileVersion": 3,
  "requires": true,
  "packages": {
    "": {
      "name": "memorycard",
      "version": "1.0.0",
      "license": "ISC",
      "dependencies": {
        "fireworks": "^2.2.7",
        "fireworks-js": "^2.10.8"
      },
      "devDependencies": {}
    },
    "node_modules/@types/react": {
      "version": "19.0.11",
      "resolved": "https://registry.npmjs.org/@types/react/-/react-19.0.11.tgz",
      "integrity": "sha512-vrdxRZfo9ALXth6yPfV16PYTLZwsUWhVjjC+DkfE5t1suNSbBrWC9YqSuuxJZ8Ps6z1o2ycRpIqzZJIgklq4Tw==",
      "license": "MIT",
      "peer": true,
      "dependencies": {
        "csstype": "^3.0.2"
      }
    },
    "node_modules/csstype": {
      "version": "3.1.3",
      "resolved": "https://registry.npmjs.org/csstype/-/csstype-3.1.3.tgz",
      "integrity": "sha512-M1uQkMl8rQK/szD0LNhtqxIPLpimGm8sOBwU7lLnCpSbTyY3yeU1Vc7l4KT5zT4s/yOxHH5O7tIuuLOCnLADRw==",
      "license": "MIT",
      "peer": true
    },
    "node_modules/fireworks": {
      "version": "2.2.7",
      "resolved": "https://registry.npmjs.org/fireworks/-/fireworks-2.2.7.tgz",
      "integrity": "sha512-14LuFlq60GvgzY/Dto1BKGfhPjOG3gILr+ud0n4Tzr9n7YShm3N44KdwalemOydJ+wKMohtIDvhpIcLtDoF/hg==",
      "license": "MIT",
      "peerDependencies": {
        "@types/react": ">=16.8.0",
        "react": ">=16.8.0"
      }
    },
    "node_modules/fireworks-js": {
      "version": "2.10.8",
      "resolved": "https://registry.npmjs.org/fireworks-js/-/fireworks-js-2.10.8.tgz",
      "integrity": "sha512-UZNxeJvRmQzLisN4iriWXqKojG9TDJqc0dPmkUw0/+AEQQ3w8z1Jx2YdFSiBGSVb/u4dPTQXU109GMVblzhfpg==",
      "license": "MIT"
    },
    "node_modules/react": {
      "version": "19.0.0",
      "resolved": "https://registry.npmjs.org/react/-/react-19.0.0.tgz",
      "integrity": "sha512-V8AVnmPIICiWpGfm6GLzCR/W5FXLchHop40W4nXBmdlEceh16rCN8O8LNWm5bh5XUX91fh7KpA+W0TgMKmgTpQ==",
      "license": "MIT",
      "peer": true,
      "engines": {
        "node": ">=0.10.0"
      }
    }
  }
}
